
Microsoft Visual Studio Solution File, Format Version 12.00
# Visual Studio Version 16
VisualStudioVersion = 16.0.32510.428
MinimumVisualStudioVersion = 10.0.40219.1
Project("{FAE04EC0-301F-11D3-BF4B-00C04F79EFBC}") = "GithubDemo", "GithubDemo.csproj", "{F70970AB-B71F-4329-A3E2-A715E346200B}"
EndProject
Global
	GlobalSection(SolutionConfigurationPlatforms) = preSolution
		Debug|Any CPU = Debug|Any CPU
		Release|Any CPU = Release|Any CPU
	EndGlobalSection
	GlobalSection(ProjectConfigurationPlatforms) = postSolution
		{F70970AB-B71F-4329-A3E2-A715E346200B}.Debug|Any CPU.ActiveCfg = Debug|Any CPU
		{F70970AB-B71F-4329-A3E2-A715E346200B}.Debug|Any CPU.Build.0 = Debug|Any CPU
		{F70970AB-B71F-4329-A3E2-A715E346200B}.Release|Any CPU.ActiveCfg = Release|Any CPU
		{F70970AB-B71F-4329-A3E2-A715E346200B}.Release|Any CPU.Build.0 = Release|Any CPU
	EndGlobalSection
	GlobalSection(SolutionProperties) = preSolution
		HideSolutionNode = FALSE
	EndGlobalSection
	GlobalSection(ExtensibilityGlobals) = postSolution
		SolutionGuid = {F0284734-EFF8-4D0C-8DF5-DE249FB4CDFD}
	EndGlobalSection
EndGlobal
