
Microsoft Visual Studio Solution File, Format Version 12.00
# Visual Studio Version 16
VisualStudioVersion = 16.0.32510.428
MinimumVisualStudioVersion = 10.0.40219.1
Project("{FAE04EC0-301F-11D3-BF4B-00C04F79EFBC}") = "RegistrationForm", "RegistrationForm\RegistrationForm.csproj", "{EE596388-E511-4802-AB2C-53D9C50E42D6}"
EndProject
Global
	GlobalSection(SolutionConfigurationPlatforms) = preSolution
		Debug|Any CPU = Debug|Any CPU
		Release|Any CPU = Release|Any CPU
	EndGlobalSection
	GlobalSection(ProjectConfigurationPlatforms) = postSolution
		{EE596388-E511-4802-AB2C-53D9C50E42D6}.Debug|Any CPU.ActiveCfg = Debug|Any CPU
		{EE596388-E511-4802-AB2C-53D9C50E42D6}.Debug|Any CPU.Build.0 = Debug|Any CPU
		{EE596388-E511-4802-AB2C-53D9C50E42D6}.Release|Any CPU.ActiveCfg = Release|Any CPU
		{EE596388-E511-4802-AB2C-53D9C50E42D6}.Release|Any CPU.Build.0 = Release|Any CPU
	EndGlobalSection
	GlobalSection(SolutionProperties) = preSolution
		HideSolutionNode = FALSE
	EndGlobalSection
	GlobalSection(ExtensibilityGlobals) = postSolution
		SolutionGuid = {4BCD5346-F8CD-4D41-AD1F-FD8219A2E534}
	EndGlobalSection
EndGlobal
